
Microsoft Visual Studio Solution File, Format Version 12.00
# Visual Studio Version 17
VisualStudioVersion = 17.8.34511.84
MinimumVisualStudioVersion = 10.0.40219.1
Project("{FAE04EC0-301F-11D3-BF4B-00C04F79EFBC}") = "MvcMovie_MariaMacias_Lab3", "MvcMovie_MariaMacias_Lab3\MvcMovie_MariaMacias_Lab3.csproj", "{B0EC3F9C-9578-46D5-B573-B067F851C2D3}"
EndProject
Global
	GlobalSection(SolutionConfigurationPlatforms) = preSolution
		Debug|Any CPU = Debug|Any CPU
		Release|Any CPU = Release|Any CPU
	EndGlobalSection
	GlobalSection(ProjectConfigurationPlatforms) = postSolution
		{B0EC3F9C-9578-46D5-B573-B067F851C2D3}.Debug|Any CPU.ActiveCfg = Debug|Any CPU
		{B0EC3F9C-9578-46D5-B573-B067F851C2D3}.Debug|Any CPU.Build.0 = Debug|Any CPU
		{B0EC3F9C-9578-46D5-B573-B067F851C2D3}.Release|Any CPU.ActiveCfg = Release|Any CPU
		{B0EC3F9C-9578-46D5-B573-B067F851C2D3}.Release|Any CPU.Build.0 = Release|Any CPU
	EndGlobalSection
	GlobalSection(SolutionProperties) = preSolution
		HideSolutionNode = FALSE
	EndGlobalSection
	GlobalSection(ExtensibilityGlobals) = postSolution
		SolutionGuid = {3C93A7CF-704B-4E20-996A-41DD60F0AFD5}
	EndGlobalSection
EndGlobal
